
Microsoft Visual Studio Solution File, Format Version 12.00
# Visual Studio 15
VisualStudioVersion = 15.0.27004.2006
MinimumVisualStudioVersion = 10.0.40219.1
Project("{FAE04EC0-301F-11D3-BF4B-00C04F79EFBC}") = "SqlandLinQSorgulari", "SqlandLinQSorgulari\SqlandLinQSorgulari.csproj", "{928A7F1D-CB2F-48F7-A3A0-1FFA50E29BBC}"
EndProject
Global
	GlobalSection(SolutionConfigurationPlatforms) = preSolution
		Debug|Any CPU = Debug|Any CPU
		Release|Any CPU = Release|Any CPU
	EndGlobalSection
	GlobalSection(ProjectConfigurationPlatforms) = postSolution
		{928A7F1D-CB2F-48F7-A3A0-1FFA50E29BBC}.Debug|Any CPU.ActiveCfg = Debug|Any CPU
		{928A7F1D-CB2F-48F7-A3A0-1FFA50E29BBC}.Debug|Any CPU.Build.0 = Debug|Any CPU
		{928A7F1D-CB2F-48F7-A3A0-1FFA50E29BBC}.Release|Any CPU.ActiveCfg = Release|Any CPU
		{928A7F1D-CB2F-48F7-A3A0-1FFA50E29BBC}.Release|Any CPU.Build.0 = Release|Any CPU
	EndGlobalSection
	GlobalSection(SolutionProperties) = preSolution
		HideSolutionNode = FALSE
	EndGlobalSection
	GlobalSection(ExtensibilityGlobals) = postSolution
		SolutionGuid = {AB2411AE-61B2-4F8E-BD49-65550287C089}
	EndGlobalSection
EndGlobal
